// !$*UTF8*$!
{
	archiveVersion = 1;
	classes = {
	};
	objectVersion = 55;
	objects = {

/* Begin PBXBuildFile section */
		874DE8B727CFA89B004BF0B8 /* 80.png in Resources */ = {isa = PBXBuildFile; fileRef = 874DE8AB27CFA89A004BF0B8 /* 80.png */; };
		874DE8B827CFA89B004BF0B8 /* 87.png in Resources */ = {isa = PBXBuildFile; fileRef = 874DE8AC27CFA89A004BF0B8 /* 87.png */; };
		874DE8B927CFA89B004BF0B8 /* 120.png in Resources */ = {isa = PBXBuildFile; fileRef = 874DE8AD27CFA89A004BF0B8 /* 120.png */; };
		874DE8BA27CFA89B004BF0B8 /* 180.png in Resources */ = {isa = PBXBuildFile; fileRef = 874DE8AE27CFA89A004BF0B8 /* 180.png */; };
		874DE8BB27CFA89B004BF0B8 /* 1024.png in Resources */ = {isa = PBXBuildFile; fileRef = 874DE8AF27CFA89A004BF0B8 /* 1024.png */; };
		874DE8BD27CFA89B004BF0B8 /* 114.png in Resources */ = {isa = PBXBuildFile; fileRef = 874DE8B127CFA89A004BF0B8 /* 114.png */; };
		874DE8BE27CFA89B004BF0B8 /* 29.png in Resources */ = {isa = PBXBuildFile; fileRef = 874DE8B227CFA89A004BF0B8 /* 29.png */; };
		874DE8BF27CFA89B004BF0B8 /* 57.png in Resources */ = {isa = PBXBuildFile; fileRef = 874DE8B327CFA89A004BF0B8 /* 57.png */; };
		874DE8C027CFA89B004BF0B8 /* 40.png in Resources */ = {isa = PBXBuildFile; fileRef = 874DE8B427CFA89A004BF0B8 /* 40.png */; };
		874DE8C127CFA89B004BF0B8 /* 58.png in Resources */ = {isa = PBXBuildFile; fileRef = 874DE8B527CFA89A004BF0B8 /* 58.png */; };
		874DE8C227CFA89B004BF0B8 /* 60.png in Resources */ = {isa = PBXBuildFile; fileRef = 874DE8B627CFA89A004BF0B8 /* 60.png */; };
		875BB64C27BBFD9900E37739 /* request.swift in Sources */ = {isa = PBXBuildFile; fileRef = 875BB64B27BBFD9800E37739 /* request.swift */; };
		87FCBBC527B6A8BC000D3EA5 /* AppDelegate.swift in Sources */ = {isa = PBXBuildFile; fileRef = 87FCBBC427B6A8BC000D3EA5 /* AppDelegate.swift */; };
		87FCBBC727B6A8BC000D3EA5 /* SceneDelegate.swift in Sources */ = {isa = PBXBuildFile; fileRef = 87FCBBC627B6A8BC000D3EA5 /* SceneDelegate.swift */; };
		87FCBBC927B6A8BC000D3EA5 /* ViewController.swift in Sources */ = {isa = PBXBuildFile; fileRef = 87FCBBC827B6A8BC000D3EA5 /* ViewController.swift */; };
		87FCBBCC27B6A8BC000D3EA5 /* Main.storyboard in Resources */ = {isa = PBXBuildFile; fileRef = 87FCBBCA27B6A8BC000D3EA5 /* Main.storyboard */; };
		87FCBBCE27B6A8C0000D3EA5 /* Assets.xcassets in Resources */ = {isa = PBXBuildFile; fileRef = 87FCBBCD27B6A8C0000D3EA5 /* Assets.xcassets */; };
		87FCBBD127B6A8C0000D3EA5 /* LaunchScreen.storyboard in Resources */ = {isa = PBXBuildFile; fileRef = 87FCBBCF27B6A8C0000D3EA5 /* LaunchScreen.storyboard */; };
/* End PBXBuildFile section */

/* Begin PBXFileReference section */
		0DF6A2C39E14D1B0360055DA /* Pods-DaeguExhibitonFinder.release.xcconfig */ = {isa = PBXFileReference; includeInIndex = 1; lastKnownFileType = text.xcconfig; name = "Pods-DaeguExhibitonFinder.release.xcconfig"; path = "Target Support Files/Pods-DaeguExhibitonFinder/Pods-DaeguExhibitonFinder.release.xcconfig"; sourceTree = "<group>"; };
		874DE8AB27CFA89A004BF0B8 /* 80.png */ = {isa = PBXFileReference; lastKnownFileType = image.png; path = 80.png; sourceTree = "<group>"; };
		874DE8AC27CFA89A004BF0B8 /* 87.png */ = {isa = PBXFileReference; lastKnownFileType = image.png; path = 87.png; sourceTree = "<group>"; };
		874DE8AD27CFA89A004BF0B8 /* 120.png */ = {isa = PBXFileReference; lastKnownFileType = image.png; path = 120.png; sourceTree = "<group>"; };
		874DE8AE27CFA89A004BF0B8 /* 180.png */ = {isa = PBXFileReference; lastKnownFileType = image.png; path = 180.png; sourceTree = "<group>"; };
		874DE8AF27CFA89A004BF0B8 /* 1024.png */ = {isa = PBXFileReference; lastKnownFileType = image.png; path = 1024.png; sourceTree = "<group>"; };
		874DE8B127CFA89A004BF0B8 /* 114.png */ = {isa = PBXFileReference; lastKnownFileType = image.png; path = 114.png; sourceTree = "<group>"; };
		874DE8B227CFA89A004BF0B8 /* 29.png */ = {isa = PBXFileReference; lastKnownFileType = image.png; path = 29.png; sourceTree = "<group>"; };
		874DE8B327CFA89A004BF0B8 /* 57.png */ = {isa = PBXFileReference; lastKnownFileType = image.png; path = 57.png; sourceTree = "<group>"; };
		874DE8B427CFA89A004BF0B8 /* 40.png */ = {isa = PBXFileReference; lastKnownFileType = image.png; path = 40.png; sourceTree = "<group>"; };
		874DE8B527CFA89A004BF0B8 /* 58.png */ = {isa = PBXFileReference; lastKnownFileType = image.png; path = 58.png; sourceTree = "<group>"; };
		874DE8B627CFA89A004BF0B8 /* 60.png */ = {isa = PBXFileReference; lastKnownFileType = image.png; path = 60.png; sourceTree = "<group>"; };
		875BB64B27BBFD9800E37739 /* request.swift */ = {isa = PBXFileReference; lastKnownFileType = sourcecode.swift; path = request.swift; sourceTree = "<group>"; };
		87FCBBC127B6A8BC000D3EA5 /* DaeguExhibitonFinder.app */ = {isa = PBXFileReference; explicitFileType = wrapper.application; includeInIndex = 0; path = DaeguExhibitonFinder.app; sourceTree = BUILT_PRODUCTS_DIR; };
		87FCBBC427B6A8BC000D3EA5 /* AppDelegate.swift */ = {isa = PBXFileReference; lastKnownFileType = sourcecode.swift; path = AppDelegate.swift; sourceTree = "<group>"; };
		87FCBBC627B6A8BC000D3EA5 /* SceneDelegate.swift */ = {isa = PBXFileReference; lastKnownFileType = sourcecode.swift; path = SceneDelegate.swift; sourceTree = "<group>"; };
		87FCBBC827B6A8BC000D3EA5 /* ViewController.swift */ = {isa = PBXFileReference; lastKnownFileType = sourcecode.swift; path = ViewController.swift; sourceTree = "<group>"; };
		87FCBBCB27B6A8BC000D3EA5 /* Base */ = {isa = PBXFileReference; lastKnownFileType = file.storyboard; name = Base; path = Base.lproj/Main.storyboard; sourceTree = "<group>"; };
		87FCBBCD27B6A8C0000D3EA5 /* Assets.xcassets */ = {isa = PBXFileReference; lastKnownFileType = folder.assetcatalog; path = Assets.xcassets; sourceTree = "<group>"; };
		87FCBBD027B6A8C0000D3EA5 /* Base */ = {isa = PBXFileReference; lastKnownFileType = file.storyboard; name = Base; path = Base.lproj/LaunchScreen.storyboard; sourceTree = "<group>"; };
		87FCBBD227B6A8C0000D3EA5 /* Info.plist */ = {isa = PBXFileReference; lastKnownFileType = text.plist.xml; path = Info.plist; sourceTree = "<group>"; };
		E98F5E7FB7CB35FA55493B30 /* Pods-DaeguExhibitonFinder.debug.xcconfig */ = {isa = PBXFileReference; includeInIndex = 1; lastKnownFileType = text.xcconfig; name = "Pods-DaeguExhibitonFinder.debug.xcconfig"; path = "Target Support Files/Pods-DaeguExhibitonFinder/Pods-DaeguExhibitonFinder.debug.xcconfig"; sourceTree = "<group>"; };
/* End PBXFileReference section */

/* Begin PBXFrameworksBuildPhase section */
		87FCBBBE27B6A8BC000D3EA5 /* Frameworks */ = {
			isa = PBXFrameworksBuildPhase;
			buildActionMask = 2147483647;
			files = (
			);
			runOnlyForDeploymentPostprocessing = 0;
		};
/* End PBXFrameworksBuildPhase section */

/* Begin PBXGroup section */
		0762D8EB201F6EED9A9BA594 /* Pods */ = {
			isa = PBXGroup;
			children = (
				E98F5E7FB7CB35FA55493B30 /* Pods-DaeguExhibitonFinder.debug.xcconfig */,
				0DF6A2C39E14D1B0360055DA /* Pods-DaeguExhibitonFinder.release.xcconfig */,
			);
			path = Pods;
			sourceTree = "<group>";
		};
		874DE8C327CFA8A4004BF0B8 /* AppIcon */ = {
			isa = PBXGroup;
			children = (
				874DE8B227CFA89A004BF0B8 /* 29.png */,
				874DE8B427CFA89A004BF0B8 /* 40.png */,
				874DE8B327CFA89A004BF0B8 /* 57.png */,
				874DE8B527CFA89A004BF0B8 /* 58.png */,
				874DE8B627CFA89A004BF0B8 /* 60.png */,
				874DE8AB27CFA89A004BF0B8 /* 80.png */,
				874DE8AC27CFA89A004BF0B8 /* 87.png */,
				874DE8B127CFA89A004BF0B8 /* 114.png */,
				874DE8AD27CFA89A004BF0B8 /* 120.png */,
				874DE8AE27CFA89A004BF0B8 /* 180.png */,
				874DE8AF27CFA89A004BF0B8 /* 1024.png */,
			);
			path = AppIcon;
			sourceTree = "<group>";
		};
		87FCBBB827B6A8BC000D3EA5 = {
			isa = PBXGroup;
			children = (
				874DE8C327CFA8A4004BF0B8 /* AppIcon */,
				87FCBBC327B6A8BC000D3EA5 /* DaeguExhibitonFinder */,
				87FCBBC227B6A8BC000D3EA5 /* Products */,
				0762D8EB201F6EED9A9BA594 /* Pods */,
				FF20098FAC6749781D103ABD /* Frameworks */,
			);
			sourceTree = "<group>";
		};
		87FCBBC227B6A8BC000D3EA5 /* Products */ = {
			isa = PBXGroup;
			children = (
				87FCBBC127B6A8BC000D3EA5 /* DaeguExhibitonFinder.app */,
			);
			name = Products;
			sourceTree = "<group>";
		};
		87FCBBC327B6A8BC000D3EA5 /* DaeguExhibitonFinder */ = {
			isa = PBXGroup;
			children = (
				87FCBBC427B6A8BC000D3EA5 /* AppDelegate.swift */,
				87FCBBC627B6A8BC000D3EA5 /* SceneDelegate.swift */,
				87FCBBC827B6A8BC000D3EA5 /* ViewController.swift */,
				875BB64B27BBFD9800E37739 /* request.swift */,
				87FCBBCA27B6A8BC000D3EA5 /* Main.storyboard */,
				87FCBBCD27B6A8C0000D3EA5 /* Assets.xcassets */,
				87FCBBCF27B6A8C0000D3EA5 /* LaunchScreen.storyboard */,
				87FCBBD227B6A8C0000D3EA5 /* Info.plist */,
			);
			path = DaeguExhibitonFinder;
			sourceTree = "<group>";
		};
		FF20098FAC6749781D103ABD /* Frameworks */ = {
			isa = PBXGroup;
			children = (
			);
			name = Frameworks;
			sourceTree = "<group>";
		};
/* End PBXGroup section */

/* Begin PBXNativeTarget section */
		87FCBBC027B6A8BC000D3EA5 /* DaeguExhibitonFinder */ = {
			isa = PBXNativeTarget;
			buildConfigurationList = 87FCBBD527B6A8C0000D3EA5 /* Build configuration list for PBXNativeTarget "DaeguExhibitonFinder" */;
			buildPhases = (
				FCAC781BF804C9C386E93B16 /* [CP] Check Pods Manifest.lock */,
				87FCBBBD27B6A8BC000D3EA5 /* Sources */,
				87FCBBBE27B6A8BC000D3EA5 /* Frameworks */,
				87FCBBBF27B6A8BC000D3EA5 /* Resources */,
				954DFCBD3ED5440394EF9312 /* [CP] Embed Pods Frameworks */,
			);
			buildRules = (
			);
			dependencies = (
			);
			name = DaeguExhibitonFinder;
			productName = DaeguExhibitonFinder;
			productReference = 87FCBBC127B6A8BC000D3EA5 /* DaeguExhibitonFinder.app */;
			productType = "com.apple.product-type.application";
		};
/* End PBXNativeTarget section */

/* Begin PBXProject section */
		87FCBBB927B6A8BC000D3EA5 /* Project object */ = {
			isa = PBXProject;
			attributes = {
				BuildIndependentTargetsInParallel = 1;
				LastSwiftUpdateCheck = 1320;
				LastUpgradeCheck = 1320;
				TargetAttributes = {
					87FCBBC027B6A8BC000D3EA5 = {
						CreatedOnToolsVersion = 13.2.1;
					};
				};
			};
			buildConfigurationList = 87FCBBBC27B6A8BC000D3EA5 /* Build configuration list for PBXProject "DaeguExhibitonFinder" */;
			compatibilityVersion = "Xcode 13.0";
			developmentRegion = en;
			hasScannedForEncodings = 0;
			knownRegions = (
				en,
				Base,
			);
			mainGroup = 87FCBBB827B6A8BC000D3EA5;
			productRefGroup = 87FCBBC227B6A8BC000D3EA5 /* Products */;
			projectDirPath = "";
			projectRoot = "";
			targets = (
				87FCBBC027B6A8BC000D3EA5 /* DaeguExhibitonFinder */,
			);
		};
/* End PBXProject section */

/* Begin PBXResourcesBuildPhase section */
		87FCBBBF27B6A8BC000D3EA5 /* Resources */ = {
			isa = PBXResourcesBuildPhase;
			buildActionMask = 2147483647;
			files = (
				874DE8C027CFA89B004BF0B8 /* 40.png in Resources */,
				874DE8BD27CFA89B004BF0B8 /* 114.png in Resources */,
				874DE8B827CFA89B004BF0B8 /* 87.png in Resources */,
				87FCBBD127B6A8C0000D3EA5 /* LaunchScreen.storyboard in Resources */,
				874DE8BB27CFA89B004BF0B8 /* 1024.png in Resources */,
				874DE8BF27CFA89B004BF0B8 /* 57.png in Resources */,
				874DE8BA27CFA89B004BF0B8 /* 180.png in Resources */,
				874DE8C127CFA89B004BF0B8 /* 58.png in Resources */,
				874DE8B727CFA89B004BF0B8 /* 80.png in Resources */,
				874DE8C227CFA89B004BF0B8 /* 60.png in Resources */,
				874DE8B927CFA89B004BF0B8 /* 120.png in Resources */,
				874DE8BE27CFA89B004BF0B8 /* 29.png in Resources */,
				87FCBBCE27B6A8C0000D3EA5 /* Assets.xcassets in Resources */,
				87FCBBCC27B6A8BC000D3EA5 /* Main.storyboard in Resources */,
			);
			runOnlyForDeploymentPostprocessing = 0;
		};
/* End PBXResourcesBuildPhase section */

/* Begin PBXShellScriptBuildPhase section */
		954DFCBD3ED5440394EF9312 /* [CP] Embed Pods Frameworks */ = {
			isa = PBXShellScriptBuildPhase;
			buildActionMask = 2147483647;
			files = (
			);
			inputFileListPaths = (
				"${PODS_ROOT}/Target Support Files/Pods-DaeguExhibitonFinder/Pods-DaeguExhibitonFinder-frameworks-${CONFIGURATION}-input-files.xcfilelist",
			);
			name = "[CP] Embed Pods Frameworks";
			outputFileListPaths = (
				"${PODS_ROOT}/Target Support Files/Pods-DaeguExhibitonFinder/Pods-DaeguExhibitonFinder-frameworks-${CONFIGURATION}-output-files.xcfilelist",
			);
			runOnlyForDeploymentPostprocessing = 0;
			shellPath = /bin/sh;
			shellScript = "\"${PODS_ROOT}/Target Support Files/Pods-DaeguExhibitonFinder/Pods-DaeguExhibitonFinder-frameworks.sh\"\n";
			showEnvVarsInLog = 0;
		};
		FCAC781BF804C9C386E93B16 /* [CP] Check Pods Manifest.lock */ = {
			isa = PBXShellScriptBuildPhase;
			buildActionMask = 2147483647;
			files = (
			);
			inputFileListPaths = (
			);
			inputPaths = (
				"${PODS_PODFILE_DIR_PATH}/Podfile.lock",
				"${PODS_ROOT}/Manifest.lock",
			);
			name = "[CP] Check Pods Manifest.lock";
			outputFileListPaths = (
			);
			outputPaths = (
				"$(DERIVED_FILE_DIR)/Pods-DaeguExhibitonFinder-checkManifestLockResult.txt",
			);
			runOnlyForDeploymentPostprocessing = 0;
			shellPath = /bin/sh;
			shellScript = "diff \"${PODS_PODFILE_DIR_PATH}/Podfile.lock\" \"${PODS_ROOT}/Manifest.lock\" > /dev/null\nif [ $? != 0 ] ; then\n    # print error to STDERR\n    echo \"error: The sandbox is not in sync with the Podfile.lock. Run 'pod install' or update your CocoaPods installation.\" >&2\n    exit 1\nfi\n# This output is used by Xcode 'outputs' to avoid re-running this script phase.\necho \"SUCCESS\" > \"${SCRIPT_OUTPUT_FILE_0}\"\n";
			showEnvVarsInLog = 0;
		};
/* End PBXShellScriptBuildPhase section */

/* Begin PBXSourcesBuildPhase section */
		87FCBBBD27B6A8BC000D3EA5 /* Sources */ = {
			isa = PBXSourcesBuildPhase;
			buildActionMask = 2147483647;
			files = (
				87FCBBC927B6A8BC000D3EA5 /* ViewController.swift in Sources */,
				875BB64C27BBFD9900E37739 /* request.swift in Sources */,
				87FCBBC527B6A8BC000D3EA5 /* AppDelegate.swift in Sources */,
				87FCBBC727B6A8BC000D3EA5 /* SceneDelegate.swift in Sources */,
			);
			runOnlyForDeploymentPostprocessing = 0;
		};
/* End PBXSourcesBuildPhase section */

/* Begin PBXVariantGroup section */
		87FCBBCA27B6A8BC000D3EA5 /* Main.storyboard */ = {
			isa = PBXVariantGroup;
			children = (
				87FCBBCB27B6A8BC000D3EA5 /* Base */,
			);
			name = Main.storyboard;
			sourceTree = "<group>";
		};
		87FCBBCF27B6A8C0000D3EA5 /* LaunchScreen.storyboard */ = {
			isa = PBXVariantGroup;
			children = (
				87FCBBD027B6A8C0000D3EA5 /* Base */,
			);
			name = LaunchScreen.storyboard;
			sourceTree = "<group>";
		};
/* End PBXVariantGroup section */

/* Begin XCBuildConfiguration section */
		87FCBBD327B6A8C0000D3EA5 /* Debug */ = {
			isa = XCBuildConfiguration;
			buildSettings = {
				ALWAYS_SEARCH_USER_PATHS = NO;
				CLANG_ANALYZER_NONNULL = YES;
				CLANG_ANALYZER_NUMBER_OBJECT_CONVERSION = YES_AGGRESSIVE;
				CLANG_CXX_LANGUAGE_STANDARD = "gnu++17";
				CLANG_CXX_LIBRARY = "libc++";
				CLANG_ENABLE_MODULES = YES;
				CLANG_ENABLE_OBJC_ARC = YES;
				CLANG_ENABLE_OBJC_WEAK = YES;
				CLANG_WARN_BLOCK_CAPTURE_AUTORELEASING = YES;
				CLANG_WARN_BOOL_CONVERSION = YES;
				CLANG_WARN_COMMA = YES;
				CLANG_WARN_CONSTANT_CONVERSION = YES;
				CLANG_WARN_DEPRECATED_OBJC_IMPLEMENTATIONS = YES;
				CLANG_WARN_DIRECT_OBJC_ISA_USAGE = YES_ERROR;
				CLANG_WARN_DOCUMENTATION_COMMENTS = YES;
				CLANG_WARN_EMPTY_BODY = YES;
				CLANG_WARN_ENUM_CONVERSION = YES;
				CLANG_WARN_INFINITE_RECURSION = YES;
				CLANG_WARN_INT_CONVERSION = YES;
				CLANG_WARN_NON_LITERAL_NULL_CONVERSION = YES;
				CLANG_WARN_OBJC_IMPLICIT_RETAIN_SELF = YES;
				CLANG_WARN_OBJC_LITERAL_CONVERSION = YES;
				CLANG_WARN_OBJC_ROOT_CLASS = YES_ERROR;
				CLANG_WARN_QUOTED_INCLUDE_IN_FRAMEWORK_HEADER = YES;
				CLANG_WARN_RANGE_LOOP_ANALYSIS = YES;
				CLANG_WARN_STRICT_PROTOTYPES = YES;
				CLANG_WARN_SUSPICIOUS_MOVE = YES;
				CLANG_WARN_UNGUARDED_AVAILABILITY = YES_AGGRESSIVE;
				CLANG_WARN_UNREACHABLE_CODE = YES;
				CLANG_WARN__DUPLICATE_METHOD_MATCH = YES;
				COPY_PHASE_STRIP = NO;
				DEBUG_INFORMATION_FORMAT = dwarf;
				ENABLE_STRICT_OBJC_MSGSEND = YES;
				ENABLE_TESTABILITY = YES;
				GCC_C_LANGUAGE_STANDARD = gnu11;
				GCC_DYNAMIC_NO_PIC = NO;
				GCC_NO_COMMON_BLOCKS = YES;
				GCC_OPTIMIZATION_LEVEL = 0;
				GCC_PREPROCESSOR_DEFINITIONS = (
					"DEBUG=1",
					"$(inherited)",
				);
				GCC_WARN_64_TO_32_BIT_CONVERSION = YES;
				GCC_WARN_ABOUT_RETURN_TYPE = YES_ERROR;
				GCC_WARN_UNDECLARED_SELECTOR = YES;
				GCC_WARN_UNINITIALIZED_AUTOS = YES_AGGRESSIVE;
				GCC_WARN_UNUSED_FUNCTION = YES;
				GCC_WARN_UNUSED_VARIABLE = YES;
				IPHONEOS_DEPLOYMENT_TARGET = 14.0;
				MTL_ENABLE_DEBUG_INFO = INCLUDE_SOURCE;
				MTL_FAST_MATH = YES;
				ONLY_ACTIVE_ARCH = YES;
				SDKROOT = iphoneos;
				SWIFT_ACTIVE_COMPILATION_CONDITIONS = DEBUG;
				SWIFT_OPTIMIZATION_LEVEL = "-Onone";
			};
			name = Debug;
		};
		87FCBBD427B6A8C0000D3EA5 /* Release */ = {
			isa = XCBuildConfiguration;
			buildSettings = {
				ALWAYS_SEARCH_USER_PATHS = NO;
				CLANG_ANALYZER_NONNULL = YES;
				CLANG_ANALYZER_NUMBER_OBJECT_CONVERSION = YES_AGGRESSIVE;
				CLANG_CXX_LANGUAGE_STANDARD = "gnu++17";
				CLANG_CXX_LIBRARY = "libc++";
				CLANG_ENABLE_MODULES = YES;
				CLANG_ENABLE_OBJC_ARC = YES;
				CLANG_ENABLE_OBJC_WEAK = YES;
				CLANG_WARN_BLOCK_CAPTURE_AUTORELEASING = YES;
				CLANG_WARN_BOOL_CONVERSION = YES;
				CLANG_WARN_COMMA = YES;
				CLANG_WARN_CONSTANT_CONVERSION = YES;
				CLANG_WARN_DEPRECATED_OBJC_IMPLEMENTATIONS = YES;
				CLANG_WARN_DIRECT_OBJC_ISA_USAGE = YES_ERROR;
				CLANG_WARN_DOCUMENTATION_COMMENTS = YES;
				CLANG_WARN_EMPTY_BODY = YES;
				CLANG_WARN_ENUM_CONVERSION = YES;
				CLANG_WARN_INFINITE_RECURSION = YES;
				CLANG_WARN_INT_CONVERSION = YES;
				CLANG_WARN_NON_LITERAL_NULL_CONVERSION = YES;
				CLANG_WARN_OBJC_IMPLICIT_RETAIN_SELF = YES;
				CLANG_WARN_OBJC_LITERAL_CONVERSION = YES;
				CLANG_WARN_OBJC_ROOT_CLASS = YES_ERROR;
				CLANG_WARN_QUOTED_INCLUDE_IN_FRAMEWORK_HEADER = YES;
				CLANG_WARN_RANGE_LOOP_ANALYSIS = YES;
				CLANG_WARN_STRICT_PROTOTYPES = YES;
				CLANG_WARN_SUSPICIOUS_MOVE = YES;
				CLANG_WARN_UNGUARDED_AVAILABILITY = YES_AGGRESSIVE;
				CLANG_WARN_UNREACHABLE_CODE = YES;
				CLANG_WARN__DUPLICATE_METHOD_MATCH = YES;
				COPY_PHASE_STRIP = NO;
				DEBUG_INFORMATION_FORMAT = "dwarf-with-dsym";
				ENABLE_NS_ASSERTIONS = NO;
				ENABLE_STRICT_OBJC_MSGSEND = YES;
				GCC_C_LANGUAGE_STANDARD = gnu11;
				GCC_NO_COMMON_BLOCKS = YES;
				GCC_WARN_64_TO_32_BIT_CONVERSION = YES;
				GCC_WARN_ABOUT_RETURN_TYPE = YES_ERROR;
				GCC_WARN_UNDECLARED_SELECTOR = YES;
				GCC_WARN_UNINITIALIZED_AUTOS = YES_AGGRESSIVE;
				GCC_WARN_UNUSED_FUNCTION = YES;
				GCC_WARN_UNUSED_VARIABLE = YES;
				IPHONEOS_DEPLOYMENT_TARGET = 14.0;
				MTL_ENABLE_DEBUG_INFO = NO;
				MTL_FAST_MATH = YES;
				SDKROOT = iphoneos;
				SWIFT_COMPILATION_MODE = wholemodule;
				SWIFT_OPTIMIZATION_LEVEL = "-O";
				VALIDATE_PRODUCT = YES;
			};
			name = Release;
		};
		87FCBBD627B6A8C0000D3EA5 /* Debug */ = {
			isa = XCBuildConfiguration;
			baseConfigurationReference = E98F5E7FB7CB35FA55493B30 /* Pods-DaeguExhibitonFinder.debug.xcconfig */;
			buildSettings = {
				ASSETCATALOG_COMPILER_APPICON_NAME = AppIcon;
				ASSETCATALOG_COMPILER_GLOBAL_ACCENT_COLOR_NAME = AccentColor;
				CODE_SIGN_STYLE = Automatic;
				CURRENT_PROJECT_VERSION = 1;
				DEVELOPMENT_TEAM = 6U96B8GM97;
				GENERATE_INFOPLIST_FILE = YES;
				INFOPLIST_FILE = DaeguExhibitonFinder/Info.plist;
				INFOPLIST_KEY_CFBundleDisplayName = "대구 전시회 찾기";
				INFOPLIST_KEY_UIApplicationSupportsIndirectInputEvents = YES;
				INFOPLIST_KEY_UILaunchStoryboardName = LaunchScreen;
				INFOPLIST_KEY_UIMainStoryboardFile = Main;
				INFOPLIST_KEY_UISupportedInterfaceOrientations_iPad = "UIInterfaceOrientationPortrait UIInterfaceOrientationPortraitUpsideDown UIInterfaceOrientationLandscapeLeft UIInterfaceOrientationLandscapeRight";
				INFOPLIST_KEY_UISupportedInterfaceOrientations_iPhone = "UIInterfaceOrientationPortrait UIInterfaceOrientationLandscapeLeft UIInterfaceOrientationLandscapeRight";
				INFOPLIST_KEY_UIUserInterfaceStyle = Light;
				IPHONEOS_DEPLOYMENT_TARGET = 14.0;
				LD_RUNPATH_SEARCH_PATHS = (
					"$(inherited)",
					"@executable_path/Frameworks",
				);
				MARKETING_VERSION = 1.0;
				PRODUCT_BUNDLE_IDENTIFIER = "Jiwon-Jeong.DaeguExhibitonFinder";
				PRODUCT_NAME = "$(TARGET_NAME)";
				SWIFT_EMIT_LOC_STRINGS = YES;
				SWIFT_VERSION = 5.0;
				TARGETED_DEVICE_FAMILY = "1,2";
			};
			name = Debug;
		};
		87FCBBD727B6A8C0000D3EA5 /* Release */ = {
			isa = XCBuildConfiguration;
			baseConfigurationReference = 0DF6A2C39E14D1B0360055DA /* Pods-DaeguExhibitonFinder.release.xcconfig */;
			buildSettings = {
				ASSETCATALOG_COMPILER_APPICON_NAME = AppIcon;
				ASSETCATALOG_COMPILER_GLOBAL_ACCENT_COLOR_NAME = AccentColor;
				CODE_SIGN_STYLE = Automatic;
				CURRENT_PROJECT_VERSION = 1;
				DEVELOPMENT_TEAM = 6U96B8GM97;
				GENERATE_INFOPLIST_FILE = YES;
				INFOPLIST_FILE = DaeguExhibitonFinder/Info.plist;
				INFOPLIST_KEY_CFBundleDisplayName = "대구 전시회 찾기";
				INFOPLIST_KEY_UIApplicationSupportsIndirectInputEvents = YES;
				INFOPLIST_KEY_UILaunchStoryboardName = LaunchScreen;
				INFOPLIST_KEY_UIMainStoryboardFile = Main;
				INFOPLIST_KEY_UISupportedInterfaceOrientations_iPad = "UIInterfaceOrientationPortrait UIInterfaceOrientationPortraitUpsideDown UIInterfaceOrientationLandscapeLeft UIInterfaceOrientationLandscapeRight";
				INFOPLIST_KEY_UISupportedInterfaceOrientations_iPhone = "UIInterfaceOrientationPortrait UIInterfaceOrientationLandscapeLeft UIInterfaceOrientationLandscapeRight";
				INFOPLIST_KEY_UIUserInterfaceStyle = Light;
				IPHONEOS_DEPLOYMENT_TARGET = 14.0;
				LD_RUNPATH_SEARCH_PATHS = (
					"$(inherited)",
					"@executable_path/Frameworks",
				);
				MARKETING_VERSION = 1.0;
				PRODUCT_BUNDLE_IDENTIFIER = "Jiwon-Jeong.DaeguExhibitonFinder";
				PRODUCT_NAME = "$(TARGET_NAME)";
				SWIFT_EMIT_LOC_STRINGS = YES;
				SWIFT_VERSION = 5.0;
				TARGETED_DEVICE_FAMILY = "1,2";
			};
			name = Release;
		};
/* End XCBuildConfiguration section */

/* Begin XCConfigurationList section */
		87FCBBBC27B6A8BC000D3EA5 /* Build configuration list for PBXProject "DaeguExhibitonFinder" */ = {
			isa = XCConfigurationList;
			buildConfigurations = (
				87FCBBD327B6A8C0000D3EA5 /* Debug */,
				87FCBBD427B6A8C0000D3EA5 /* Release */,
			);
			defaultConfigurationIsVisible = 0;
			defaultConfigurationName = Release;
		};
		87FCBBD527B6A8C0000D3EA5 /* Build configuration list for PBXNativeTarget "DaeguExhibitonFinder" */ = {
			isa = XCConfigurationList;
			buildConfigurations = (
				87FCBBD627B6A8C0000D3EA5 /* Debug */,
				87FCBBD727B6A8C0000D3EA5 /* Release */,
			);
			defaultConfigurationIsVisible = 0;
			defaultConfigurationName = Release;
		};
/* End XCConfigurationList section */
	};
	rootObject = 87FCBBB927B6A8BC000D3EA5 /* Project object */;
}
